{
  "name": "AirGap Wallet",
  "version": "1.0.0",
  "lockfileVersion": 1,
  "requires": true,
  "dependencies": {
    "@capacitor/core": {
      "version": "2.0.1",
      "resolved": "https://registry.npmjs.org/@capacitor/core/-/core-2.0.1.tgz",
      "integrity": "sha512-6GoklVQdHZ6jBAkVgPySaTBw+/zz4P+U1yFZkNTVdYAEGze4Zv5cGlUF6OpvlZRiCk3p7ZWt4kC8baIh/Zxu3A==",
      "requires": {
        "tslib": "^1.9.0"
      }
    },
    "@capacitor/electron": {
      "version": "2.0.1",
      "resolved": "https://registry.npmjs.org/@capacitor/electron/-/electron-2.0.1.tgz",
      "integrity": "sha512-UPnRk04oNxRNioI7n2Wx6kwb5fg4ypOrM6F8ShKJNL8QV8iQkQvMX1OlbvosbrHs6mstauErN7nPURJwwflVqQ==",
      "requires": {
        "@capacitor/core": "^2.0.1"
      }
    },
    "tslib": {
      "version": "1.11.1",
      "resolved": "https://registry.npmjs.org/tslib/-/tslib-1.11.1.tgz",
      "integrity": "sha512-aZW88SY8kQbU7gpV19lN24LtXh/yD4ZZg6qieAJDDg+YBsJcSmLGK9QpnUjAKVG/xefmvJGd1WUmfpT/g6AJGA=="
    }
  }
}
