{
  "pins" : [
    {
      "identity" : "airgap-sapling",
      "kind" : "remoteSourceControl",
      "location" : "https://github.com/airgap-it/airgap-sapling.git",
      "state" : {
        "revision" : "00848f05c305c9997c8f7325527ddc20de7edd2b",
        "version" : "0.0.7"
      }
    }
  ],
  "version" : 2
}
