{
  "originHash" : "dd6c7513dabb2fb0805d2f3cf7ccd4e3841f27c3c4a7e3e2600c33b300226f08",
  "pins" : [
    {
      "identity" : "airgap-sapling",
      "kind" : "remoteSourceControl",
      "location" : "https://github.com/airgap-it/airgap-sapling.git",
      "state" : {
        "revision" : "00848f05c305c9997c8f7325527ddc20de7edd2b",
        "version" : "0.0.7"
      }
    }
  ],
  "version" : 3
}
