PODS:
  - Capacitor (5.0.4):
    - CapacitorCordova
  - CapacitorApp (5.0.2):
    - Capacitor
  - CapacitorAppLauncher (5.0.2):
    - Capacitor
  - CapacitorBrowser (5.0.2):
    - Capacitor
  - CapacitorClipboard (5.0.2):
    - Capacitor
  - CapacitorCordova (5.0.4)
  - CapacitorFilesystem (5.0.2):
    - Capacitor
  - CapacitorHaptics (5.0.2):
    - Capacitor
  - CapacitorKeyboard (5.0.2):
    - Capacitor
  - CapacitorPushNotifications (5.0.2):
    - Capacitor
  - CapacitorShare (5.0.2):
    - Capacitor
  - CapacitorSplashScreen (5.0.2):
    - Capacitor
  - CapacitorStatusBar (5.0.2):
    - Capacitor
  - CapawesomeCapacitorFilePicker (0.5.10):
    - Capacitor
  - CordovaPlugins (5.0.4):
    - CapacitorCordova
  - Firebase/CoreOnly (8.12.1):
    - FirebaseCore (= 8.12.1)
  - Firebase/Messaging (8.12.1):
    - Firebase/CoreOnly
    - FirebaseMessaging (~> 8.12.0)
  - FirebaseCore (8.12.1):
    - FirebaseCoreDiagnostics (~> 8.0)
    - GoogleUtilities/Environment (~> 7.7)
    - GoogleUtilities/Logger (~> 7.7)
  - FirebaseCoreDiagnostics (8.12.0):
    - GoogleDataTransport (~> 9.1)
    - GoogleUtilities/Environment (~> 7.7)
    - GoogleUtilities/Logger (~> 7.7)
    - nanopb (~> 2.30908.0)
  - FirebaseInstallations (8.12.0):
    - FirebaseCore (~> 8.0)
    - GoogleUtilities/Environment (~> 7.7)
    - GoogleUtilities/UserDefaults (~> 7.7)
    - PromisesObjC (< 3.0, >= 1.2)
  - FirebaseMessaging (8.12.0):
    - FirebaseCore (~> 8.0)
    - FirebaseInstallations (~> 8.0)
    - GoogleDataTransport (~> 9.1)
    - GoogleUtilities/AppDelegateSwizzler (~> 7.7)
    - GoogleUtilities/Environment (~> 7.7)
    - GoogleUtilities/Reachability (~> 7.7)
    - GoogleUtilities/UserDefaults (~> 7.7)
    - nanopb (~> 2.30908.0)
  - GoogleDataTransport (9.1.2):
    - GoogleUtilities/Environment (~> 7.2)
    - nanopb (~> 2.30908.0)
    - PromisesObjC (< 3.0, >= 1.2)
  - GoogleUtilities/AppDelegateSwizzler (7.7.0):
    - GoogleUtilities/Environment
    - GoogleUtilities/Logger
    - GoogleUtilities/Network
  - GoogleUtilities/Environment (7.7.0):
    - PromisesObjC (< 3.0, >= 1.2)
  - GoogleUtilities/Logger (7.7.0):
    - GoogleUtilities/Environment
  - GoogleUtilities/Network (7.7.0):
    - GoogleUtilities/Logger
    - "GoogleUtilities/NSData+zlib"
    - GoogleUtilities/Reachability
  - "GoogleUtilities/NSData+zlib (7.7.0)"
  - GoogleUtilities/Reachability (7.7.0):
    - GoogleUtilities/Logger
  - GoogleUtilities/UserDefaults (7.7.0):
    - GoogleUtilities/Logger
  - nanopb (2.30908.0):
    - nanopb/decode (= 2.30908.0)
    - nanopb/encode (= 2.30908.0)
  - nanopb/decode (2.30908.0)
  - nanopb/encode (2.30908.0)
  - PromisesObjC (2.0.0)
  - ZIPFoundation (0.9.16)

DEPENDENCIES:
  - "Capacitor (from `../../node_modules/@capacitor/ios`)"
  - "CapacitorApp (from `../../node_modules/@capacitor/app`)"
  - "CapacitorAppLauncher (from `../../node_modules/@capacitor/app-launcher`)"
  - "CapacitorBrowser (from `../../node_modules/@capacitor/browser`)"
  - "CapacitorClipboard (from `../../node_modules/@capacitor/clipboard`)"
  - "CapacitorCordova (from `../../node_modules/@capacitor/ios`)"
  - "CapacitorFilesystem (from `../../node_modules/@capacitor/filesystem`)"
  - "CapacitorHaptics (from `../../node_modules/@capacitor/haptics`)"
  - "CapacitorKeyboard (from `../../node_modules/@capacitor/keyboard`)"
  - "CapacitorPushNotifications (from `../../node_modules/@capacitor/push-notifications`)"
  - "CapacitorShare (from `../../node_modules/@capacitor/share`)"
  - "CapacitorSplashScreen (from `../../node_modules/@capacitor/splash-screen`)"
  - "CapacitorStatusBar (from `../../node_modules/@capacitor/status-bar`)"
  - "CapawesomeCapacitorFilePicker (from `../../node_modules/@capawesome/capacitor-file-picker`)"
  - CordovaPlugins (from `../capacitor-cordova-ios-plugins`)
  - Firebase/Messaging
  - ZIPFoundation (~> 0.9)

SPEC REPOS:
  trunk:
    - Firebase
    - FirebaseCore
    - FirebaseCoreDiagnostics
    - FirebaseInstallations
    - FirebaseMessaging
    - GoogleDataTransport
    - GoogleUtilities
    - nanopb
    - PromisesObjC
    - ZIPFoundation

EXTERNAL SOURCES:
  Capacitor:
    :path: "../../node_modules/@capacitor/ios"
  CapacitorApp:
    :path: "../../node_modules/@capacitor/app"
  CapacitorAppLauncher:
    :path: "../../node_modules/@capacitor/app-launcher"
  CapacitorBrowser:
    :path: "../../node_modules/@capacitor/browser"
  CapacitorClipboard:
    :path: "../../node_modules/@capacitor/clipboard"
  CapacitorCordova:
    :path: "../../node_modules/@capacitor/ios"
  CapacitorFilesystem:
    :path: "../../node_modules/@capacitor/filesystem"
  CapacitorHaptics:
    :path: "../../node_modules/@capacitor/haptics"
  CapacitorKeyboard:
    :path: "../../node_modules/@capacitor/keyboard"
  CapacitorPushNotifications:
    :path: "../../node_modules/@capacitor/push-notifications"
  CapacitorShare:
    :path: "../../node_modules/@capacitor/share"
  CapacitorSplashScreen:
    :path: "../../node_modules/@capacitor/splash-screen"
  CapacitorStatusBar:
    :path: "../../node_modules/@capacitor/status-bar"
  CapawesomeCapacitorFilePicker:
    :path: "../../node_modules/@capawesome/capacitor-file-picker"
  CordovaPlugins:
    :path: "../capacitor-cordova-ios-plugins"

SPEC CHECKSUMS:
  Capacitor: d3d4463573438b9fa65326d1f3549da6f4c21634
  CapacitorApp: 28fef1fd75b2b3686e875216806fb8416d421097
  CapacitorAppLauncher: 222eb443f90379a47bd84c8b3ed8ec47fa7e236f
  CapacitorBrowser: 7986ee35377383fc40f7c1a0a793e0d9a49fe527
  CapacitorClipboard: a198f34cd0ed4d1777da5edae13445227ec05be3
  CapacitorCordova: b1fe6bf1f36974a8e4a9044b342d22d49c0996d6
  CapacitorFilesystem: 3a7bb944feb5b7e9473adeb08662c73141510aa8
  CapacitorHaptics: 864585542a435bd41eaabf7f30d9ff5ec03024d3
  CapacitorKeyboard: e628d4e66d621c69e449945ebabded17c5b9c2e8
  CapacitorPushNotifications: 0566429afa72fe083a4142a58321f0ad83837096
  CapacitorShare: 931224a0e17615e799d35b26286ab1d05f37d8fb
  CapacitorSplashScreen: bd2a056394ba0b8807e7bb3e746424f67c426e03
  CapacitorStatusBar: 48f2899f6846cc7d8431b251ebfc58e1c10e3d58
  CapawesomeCapacitorFilePicker: 3c6c193300649c9c7ce49426e17582edbf7ed601
  CordovaPlugins: 97e74f93e87c689f94c795b786f4645a55efd4b4
  Firebase: 580d09e8edafc3073ebf09c03fd42e4d80d35fe9
  FirebaseCore: 8138de860a90ca7eec5e324da5788fb0ebf1d93c
  FirebaseCoreDiagnostics: 3b40dfadef5b90433a60ae01f01e90fe87aa76aa
  FirebaseInstallations: 25764cf322e77f99449395870a65b2bef88e1545
  FirebaseMessaging: 23db8bf05585e929ada8af0f0968933c25252808
  GoogleDataTransport: 629c20a4d363167143f30ea78320d5a7eb8bd940
  GoogleUtilities: e0913149f6b0625b553d70dae12b49fc62914fd1
  nanopb: a0ba3315591a9ae0a16a309ee504766e90db0c96
  PromisesObjC: 68159ce6952d93e17b2dfe273b8c40907db5ba58
  ZIPFoundation: d170fa8e270b2a32bef9dcdcabff5b8f1a5deced

PODFILE CHECKSUM: e315223308d6a03ceb49f5f9760e913733b8ae7b

COCOAPODS: 1.11.3
