{
  "object": {
    "pins": [
      {
        "package": "AirGapSapling",
        "repositoryURL": "https://github.com/airgap-it/airgap-sapling",
        "state": {
          "branch": null,
          "revision": "8efa3458f19492412a956f8eab018cf4b97cce66",
          "version": "0.0.5"
        }
      }
    ]
  },
  "version": 1
}
